
Microsoft Visual Studio Solution File, Format Version 12.00
# Visual Studio 15
VisualStudioVersion = 15.0.28307.539
MinimumVisualStudioVersion = 10.0.40219.1
Project("{FAE04EC0-301F-11D3-BF4B-00C04F79EFBC}") = "CodinGame.Client", "CodinGame.Client\CodinGame.Client.csproj", "{0531EFE4-C3D6-427D-B42C-9CF66C7B8390}"
EndProject
Global
	GlobalSection(SolutionConfigurationPlatforms) = preSolution
		Debug|Any CPU = Debug|Any CPU
		Release|Any CPU = Release|Any CPU
	EndGlobalSection
	GlobalSection(ProjectConfigurationPlatforms) = postSolution
		{0531EFE4-C3D6-427D-B42C-9CF66C7B8390}.Debug|Any CPU.ActiveCfg = Debug|Any CPU
		{0531EFE4-C3D6-427D-B42C-9CF66C7B8390}.Debug|Any CPU.Build.0 = Debug|Any CPU
		{0531EFE4-C3D6-427D-B42C-9CF66C7B8390}.Release|Any CPU.ActiveCfg = Release|Any CPU
		{0531EFE4-C3D6-427D-B42C-9CF66C7B8390}.Release|Any CPU.Build.0 = Release|Any CPU
	EndGlobalSection
	GlobalSection(SolutionProperties) = preSolution
		HideSolutionNode = FALSE
	EndGlobalSection
	GlobalSection(ExtensibilityGlobals) = postSolution
		SolutionGuid = {6AAC7878-5D87-4BB5-94A4-879838285466}
	EndGlobalSection
EndGlobal
